
Microsoft Visual Studio Solution File, Format Version 12.00
# Visual Studio Version 16
VisualStudioVersion = 16.0.29519.87
MinimumVisualStudioVersion = 10.0.40219.1
Project("{FAE04EC0-301F-11D3-BF4B-00C04F79EFBC}") = "ProductList", "ProductList\ProductList.csproj", "{64247E1E-1860-48C3-AEBF-B06F3012400D}"
EndProject
Global
	GlobalSection(SolutionConfigurationPlatforms) = preSolution
		Debug|Any CPU = Debug|Any CPU
		Release|Any CPU = Release|Any CPU
	EndGlobalSection
	GlobalSection(ProjectConfigurationPlatforms) = postSolution
		{64247E1E-1860-48C3-AEBF-B06F3012400D}.Debug|Any CPU.ActiveCfg = Debug|Any CPU
		{64247E1E-1860-48C3-AEBF-B06F3012400D}.Debug|Any CPU.Build.0 = Debug|Any CPU
		{64247E1E-1860-48C3-AEBF-B06F3012400D}.Release|Any CPU.ActiveCfg = Release|Any CPU
		{64247E1E-1860-48C3-AEBF-B06F3012400D}.Release|Any CPU.Build.0 = Release|Any CPU
	EndGlobalSection
	GlobalSection(SolutionProperties) = preSolution
		HideSolutionNode = FALSE
	EndGlobalSection
	GlobalSection(ExtensibilityGlobals) = postSolution
		SolutionGuid = {1EF2006D-4834-43E1-BFD5-1F9974BD1B66}
	EndGlobalSection
EndGlobal
